schema_version = 2
root_package = "app-platform-ui-snapshot-render"
root_manifest_hash = "4b32ecea0dbdd904"
toolchain_schema_version = 1
cache_schema_version = 2

[[package]]
name = "app-platform-ui-snapshot-render"
version = "0.1.0"
root = "."
manifest = "nebula.toml"
entry = "src/main.nb"
src_dir = "src"
source_kind = "root"
source_hint = ""
resolved_rev = ""
manifest_hash = "4b32ecea0dbdd904"
source_fingerprint = "2740a68fda90c926"
integrity_fingerprint = "e61b86f9e75d34df"
is_root = 1
dependencies = ["ui=nebula-ui"]

[[package]]
name = "nebula-ui"
version = "0.1.0"
root = "../../../../official/nebula-ui"
manifest = "../../../../official/nebula-ui/nebula.toml"
entry = "src/lib.nb"
src_dir = "src"
source_kind = "path"
source_hint = "../../../../official/nebula-ui"
resolved_rev = ""
manifest_hash = "7cf960897430a38e"
source_fingerprint = "7687a234f5e953ce"
integrity_fingerprint = "dee58d6e85bc3b52"
is_root = 0
native_cxx_sources = ["native/headless_bridge.cpp"]
dependencies = []
