schema_version = 2
root_package = "release_control_plane_workspace"
root_manifest_hash = ""
toolchain_schema_version = 1
cache_schema_version = 2

[[package]]
name = "release_control_plane_workspace"
version = "0.1.0"
root = "examples"
manifest = ""
entry = "release_control_plane_workspace"
src_dir = "."
source_kind = "implicit"
source_hint = ""
resolved_rev = ""
manifest_hash = "fddfe00a327c7c77"
source_fingerprint = "13a03137f8273ad8"
integrity_fingerprint = "5448424247b6f599"
is_root = 1
dependencies = []
