schema_version = 2
root_package = "bench-http-route-roundtrip"
root_manifest_hash = "85948b75d66cf550"
toolchain_schema_version = 1
cache_schema_version = 2

[[package]]
name = "bench-http-route-roundtrip"
version = "0.1.0"
root = "."
manifest = "nebula.toml"
entry = "src/main.nb"
src_dir = "src"
source_kind = "root"
source_hint = ""
resolved_rev = ""
manifest_hash = "85948b75d66cf550"
source_fingerprint = "b42419a1a5047a23"
integrity_fingerprint = "d74d49a8d3ed5122"
is_root = 1
dependencies = []
