schema_version = 2
root_package = "nebula-jobs"
root_manifest_hash = "fe187ccc7970baf9"
toolchain_schema_version = 1
cache_schema_version = 2

[[package]]
name = "nebula-jobs"
version = "0.1.0"
root = "."
manifest = "nebula.toml"
entry = "src/lib.nb"
src_dir = "src"
source_kind = "root"
source_hint = ""
resolved_rev = ""
manifest_hash = "fe187ccc7970baf9"
source_fingerprint = "3696eefc8ede27e7"
integrity_fingerprint = "73649789fd6a2930"
is_root = 1
dependencies = ["db_sqlite=nebula-db-sqlite"]

[[package]]
name = "nebula-db-sqlite"
version = "0.1.0"
root = "../nebula-db-sqlite"
manifest = "../nebula-db-sqlite/nebula.toml"
entry = "src/lib.nb"
src_dir = "src"
source_kind = "path"
source_hint = "../nebula-db-sqlite"
resolved_rev = ""
manifest_hash = "fc4d07adad75b3ed"
source_fingerprint = "c4a7b1f99f1715f4"
integrity_fingerprint = "8ec068b6856bb59f"
is_root = 0
native_cxx_sources = ["native/bridge.cpp"]
dependencies = []
