schema_version = 2
root_package = "nebula-ui"
root_manifest_hash = "7cf960897430a38e"
toolchain_schema_version = 1
cache_schema_version = 2

[[package]]
name = "nebula-ui"
version = "0.1.0"
root = "."
manifest = "nebula.toml"
entry = "src/lib.nb"
src_dir = "src"
source_kind = "root"
source_hint = ""
resolved_rev = ""
manifest_hash = "7cf960897430a38e"
source_fingerprint = "ab51d55a1f3f01d1"
integrity_fingerprint = "191b193d09585186"
is_root = 1
native_cxx_sources = ["native/headless_bridge.cpp"]
dependencies = []
