schema_version = 2
root_package = "nebula-ui"
root_manifest_hash = "7cf5c999299b15a7"
toolchain_schema_version = 1
cache_schema_version = 2

[[package]]
name = "nebula-ui"
version = "0.1.0"
root = "."
manifest = "nebula.toml"
entry = "src/lib.nb"
src_dir = "src"
source_kind = "root"
source_hint = ""
resolved_rev = ""
manifest_hash = "7cf5c999299b15a7"
source_fingerprint = "9b2231188919a2d1"
integrity_fingerprint = "5c0a6dbb39b4c351"
is_root = 1
dependencies = []
