schema_version = 2
root_package = "app-platform-nebula-ui-startup"
root_manifest_hash = "38bebd2a45f4e56e"
toolchain_schema_version = 1
cache_schema_version = 2

[[package]]
name = "app-platform-nebula-ui-startup"
version = "0.1.0"
root = "."
manifest = "nebula.toml"
entry = "src/main.nb"
src_dir = "src"
source_kind = "root"
source_hint = ""
resolved_rev = ""
manifest_hash = "38bebd2a45f4e56e"
source_fingerprint = "3104346a9b1c45e8"
integrity_fingerprint = "cd81eaf48f073d79"
is_root = 1
dependencies = ["ui=nebula-ui"]

[[package]]
name = "nebula-ui"
version = "0.1.0"
root = "../../../../official/nebula-ui"
manifest = "../../../../official/nebula-ui/nebula.toml"
entry = "src/lib.nb"
src_dir = "src"
source_kind = "path"
source_hint = "../../../../official/nebula-ui"
resolved_rev = ""
manifest_hash = "7cf5c999299b15a7"
source_fingerprint = "406f076fb5321076"
integrity_fingerprint = "e1230a3b399c1380"
is_root = 0
dependencies = []
