schema_version = 2
root_package = "thin-host-app-core"
root_manifest_hash = "bbcd95b2cc71af0e"
toolchain_schema_version = 1
cache_schema_version = 2

[[package]]
name = "thin-host-app-core"
version = "0.1.0"
root = "."
manifest = "nebula.toml"
entry = "src/main.nb"
src_dir = "src"
source_kind = "root"
source_hint = ""
resolved_rev = ""
manifest_hash = "bbcd95b2cc71af0e"
source_fingerprint = "5b142874e1e414e8"
integrity_fingerprint = "face86dabe5f446e"
is_root = 1
host_cxx = ["host.cpp"]
dependencies = ["bridge=nebula-thin-host-bridge", "counter=thin-host-counter-core"]

[[package]]
name = "nebula-thin-host-bridge"
version = "0.1.0"
root = "../../official/nebula-thin-host-bridge"
manifest = "../../official/nebula-thin-host-bridge/nebula.toml"
entry = "src/host_bridge.nb"
src_dir = "src"
source_kind = "path"
source_hint = "../../official/nebula-thin-host-bridge"
resolved_rev = ""
manifest_hash = "be49c6a1d6d89b75"
source_fingerprint = "7594f4be2dbe1c2b"
integrity_fingerprint = "ec36d87ae2b5173f"
is_root = 0
native_cxx_sources = ["native/bridge.cpp"]
dependencies = []

[[package]]
name = "thin-host-counter-core"
version = "0.1.0"
root = "packages/counter_core"
manifest = "packages/counter_core/nebula.toml"
entry = "src/counter_core.nb"
src_dir = "src"
source_kind = "path"
source_hint = "packages/counter_core"
resolved_rev = ""
manifest_hash = "a7f7d99e350c6543"
source_fingerprint = "36dac130ce57a5e6"
integrity_fingerprint = "314a5fa33ff63b96"
is_root = 0
dependencies = ["bridge=nebula-thin-host-bridge"]
