schema_version = 2
root_package = "pqc-signed-service"
root_manifest_hash = "ebe4d30d0fad8bf3"
toolchain_schema_version = 1
cache_schema_version = 2

[[package]]
name = "pqc-signed-service"
version = "0.1.0"
root = "."
manifest = "nebula.toml"
entry = "src/main.nb"
src_dir = "src"
source_kind = "root"
source_hint = ""
resolved_rev = ""
manifest_hash = "ebe4d30d0fad8bf3"
source_fingerprint = "b783116f9ee5889d"
integrity_fingerprint = "f7672582bcb39a8"
is_root = 1
dependencies = ["crypto=nebula-crypto", "pqc=nebula-pqc-protocols", "service=nebula-service"]

[[package]]
name = "nebula-crypto"
version = "0.1.0"
root = "../../official/nebula-crypto"
manifest = "../../official/nebula-crypto/nebula.toml"
entry = "src/lib.nb"
src_dir = "src"
source_kind = "path"
source_hint = "../../official/nebula-crypto"
resolved_rev = ""
manifest_hash = "ce5a1776268433d8"
source_fingerprint = "65b0777c12ca41f8"
integrity_fingerprint = "9948f095c46d17ad"
is_root = 0
native_c_sources = ["native/blake3_all.c", "native/oqs_primitives.c", "native/vendor/oqs_mini/compat.c", "native/vendor/oqs_mini/mldsa65_ref/ntt.c", "native/vendor/oqs_mini/mldsa65_ref/packing.c", "native/vendor/oqs_mini/mldsa65_ref/poly.c", "native/vendor/oqs_mini/mldsa65_ref/polyvec.c", "native/vendor/oqs_mini/mldsa65_ref/reduce.c", "native/vendor/oqs_mini/mldsa65_ref/rounding.c", "native/vendor/oqs_mini/mldsa65_ref/sign.c", "native/vendor/oqs_mini/mldsa65_ref/symmetric-shake.c", "native/vendor/oqs_mini/mlkem-native_ml-kem-768_ref/mlkem/compress.c", "native/vendor/oqs_mini/mlkem-native_ml-kem-768_ref/mlkem/debug.c", "native/vendor/oqs_mini/mlkem-native_ml-kem-768_ref/mlkem/indcpa.c", "native/vendor/oqs_mini/mlkem-native_ml-kem-768_ref/mlkem/kem.c", "native/vendor/oqs_mini/mlkem-native_ml-kem-768_ref/mlkem/poly.c", "native/vendor/oqs_mini/mlkem-native_ml-kem-768_ref/mlkem/poly_k.c", "native/vendor/oqs_mini/mlkem-native_ml-kem-768_ref/mlkem/sampling.c", "native/vendor/oqs_mini/mlkem-native_ml-kem-768_ref/mlkem/verify.c", "native/vendor/oqs_mini/pqclean_shims/fips202.c", "native/vendor/oqs_mini/sha3/sha3.c", "native/vendor/oqs_mini/sha3/xkcp_low/KeccakP-1600/plain-64bits/KeccakP-1600-opt64.c", "native/vendor/oqs_mini/sha3/xkcp_sha3.c"]
native_cxx_sources = ["native/bridge.cpp"]
native_include_dirs = ["native/include", "native/vendor/blake3", "native/vendor/oqs_mini", "native/vendor/oqs_mini/include", "native/vendor/oqs_mini/mldsa65_ref", "native/vendor/oqs_mini/mlkem-native_ml-kem-768_ref", "native/vendor/oqs_mini/pqclean_shims", "native/vendor/oqs_mini/sha3", "native/vendor/oqs_mini/sha3/xkcp_low/KeccakP-1600/plain-64bits"]
dependencies = []

[[package]]
name = "nebula-observe"
version = "0.1.0"
root = "../../official/nebula-observe"
manifest = "../../official/nebula-observe/nebula.toml"
entry = "src/lib.nb"
src_dir = "src"
source_kind = "path"
source_hint = "../../official/nebula-observe"
resolved_rev = ""
manifest_hash = "9a8a10871f57579b"
source_fingerprint = "a7a1b95ab781c16e"
integrity_fingerprint = "6f73f1e37fd1e887"
is_root = 0
dependencies = []

[[package]]
name = "nebula-pqc-protocols"
version = "0.1.0"
root = "../../official/nebula-pqc-protocols"
manifest = "../../official/nebula-pqc-protocols/nebula.toml"
entry = "src/lib.nb"
src_dir = "src"
source_kind = "path"
source_hint = "../../official/nebula-pqc-protocols"
resolved_rev = ""
manifest_hash = "c8a37a7cfa170b9d"
source_fingerprint = "3d697199b3648fb"
integrity_fingerprint = "d73ac685282e7542"
is_root = 0
dependencies = ["crypto=nebula-crypto"]

[[package]]
name = "nebula-service"
version = "0.1.0"
root = "../../official/nebula-service"
manifest = "../../official/nebula-service/nebula.toml"
entry = "src/lib.nb"
src_dir = "src"
source_kind = "path"
source_hint = "../../official/nebula-service"
resolved_rev = ""
manifest_hash = "bd867fc565eaa5ba"
source_fingerprint = "f9a5bd419fb957a4"
integrity_fingerprint = "d8dc6eda43531d21"
is_root = 0
dependencies = ["observe=nebula-observe"]
