schema_version = 2
root_package = "@workspace:release_control_plane_workspace"
root_manifest_hash = "566d35eeb495b87"
toolchain_schema_version = 1
cache_schema_version = 2

[[package]]
name = "@workspace:release_control_plane_workspace"
version = "0.1.0"
root = "."
manifest = "nebula.toml"
entry = ""
src_dir = ""
source_kind = "workspace"
source_hint = ""
resolved_rev = ""
manifest_hash = "566d35eeb495b87"
source_fingerprint = "449d849321e2630a"
integrity_fingerprint = "e16caeca9a61f13c"
is_root = 1
dependencies = ["release-control-plane-core=release-control-plane-core", "release-control-plane-ctl=release-control-plane-ctl", "release-control-plane-service=release-control-plane-service"]

[[package]]
name = "nebula-auth"
version = "0.1.0"
root = "../../official/nebula-auth"
manifest = "../../official/nebula-auth/nebula.toml"
entry = "src/lib.nb"
src_dir = "src"
source_kind = "path"
source_hint = "../../official/nebula-auth"
resolved_rev = ""
manifest_hash = "3001bd4e24c54ba6"
source_fingerprint = "f632ca718b48402e"
integrity_fingerprint = "2ed00c956b25c1e4"
is_root = 0
native_cxx_sources = ["native/bridge.cpp"]
dependencies = []

[[package]]
name = "nebula-config"
version = "0.1.0"
root = "../../official/nebula-config"
manifest = "../../official/nebula-config/nebula.toml"
entry = "src/lib.nb"
src_dir = "src"
source_kind = "path"
source_hint = "../../official/nebula-config"
resolved_rev = ""
manifest_hash = "d1a9ed532ab65b9e"
source_fingerprint = "b3515cb727a50bfb"
integrity_fingerprint = "ec8cd676d0985b6b"
is_root = 0
native_cxx_sources = ["native/bridge.cpp"]
dependencies = []

[[package]]
name = "nebula-crypto"
version = "0.1.0"
root = "../../official/nebula-crypto"
manifest = "../../official/nebula-crypto/nebula.toml"
entry = "src/lib.nb"
src_dir = "src"
source_kind = "path"
source_hint = "../../official/nebula-crypto"
resolved_rev = ""
manifest_hash = "c93977753e56003f"
source_fingerprint = "a3ded00ec19cc3fd"
integrity_fingerprint = "7da8f29cbb2d9b89"
is_root = 0
native_c_sources = ["native/blake3_all.c", "native/mbedtls_private_chachapoly.c", "native/oqs_primitives.c", "native/vendor/oqs_mini/compat.c", "native/vendor/oqs_mini/mldsa65_ref/ntt.c", "native/vendor/oqs_mini/mldsa65_ref/packing.c", "native/vendor/oqs_mini/mldsa65_ref/poly.c", "native/vendor/oqs_mini/mldsa65_ref/polyvec.c", "native/vendor/oqs_mini/mldsa65_ref/reduce.c", "native/vendor/oqs_mini/mldsa65_ref/rounding.c", "native/vendor/oqs_mini/mldsa65_ref/sign.c", "native/vendor/oqs_mini/mldsa65_ref/symmetric-shake.c", "native/vendor/oqs_mini/mlkem-native_ml-kem-768_ref/mlkem/compress.c", "native/vendor/oqs_mini/mlkem-native_ml-kem-768_ref/mlkem/debug.c", "native/vendor/oqs_mini/mlkem-native_ml-kem-768_ref/mlkem/indcpa.c", "native/vendor/oqs_mini/mlkem-native_ml-kem-768_ref/mlkem/kem.c", "native/vendor/oqs_mini/mlkem-native_ml-kem-768_ref/mlkem/poly.c", "native/vendor/oqs_mini/mlkem-native_ml-kem-768_ref/mlkem/poly_k.c", "native/vendor/oqs_mini/mlkem-native_ml-kem-768_ref/mlkem/sampling.c", "native/vendor/oqs_mini/mlkem-native_ml-kem-768_ref/mlkem/verify.c", "native/vendor/oqs_mini/pqclean_shims/fips202.c", "native/vendor/oqs_mini/sha3/sha3.c", "native/vendor/oqs_mini/sha3/xkcp_low/KeccakP-1600/plain-64bits/KeccakP-1600-opt64.c", "native/vendor/oqs_mini/sha3/xkcp_sha3.c"]
native_cxx_sources = ["native/bridge.cpp"]
native_include_dirs = ["native/include", "native/vendor/blake3", "native/vendor/mbedtls/include", "native/vendor/mbedtls/library", "native/vendor/oqs_mini", "native/vendor/oqs_mini/include", "native/vendor/oqs_mini/mldsa65_ref", "native/vendor/oqs_mini/mlkem-native_ml-kem-768_ref", "native/vendor/oqs_mini/pqclean_shims", "native/vendor/oqs_mini/sha3", "native/vendor/oqs_mini/sha3/xkcp_low/KeccakP-1600/plain-64bits"]
dependencies = []

[[package]]
name = "nebula-db-postgres"
version = "0.1.0"
root = "../../official/nebula-db-postgres"
manifest = "../../official/nebula-db-postgres/nebula.toml"
entry = "src/lib.nb"
src_dir = "src"
source_kind = "path"
source_hint = "../../official/nebula-db-postgres"
resolved_rev = ""
manifest_hash = "d52f52e5c4f2a1f8"
source_fingerprint = "d094dc31f20662b1"
integrity_fingerprint = "14644b48dfd62784"
is_root = 0
native_cxx_sources = ["native/bridge.cpp"]
dependencies = []

[[package]]
name = "nebula-db-sqlite"
version = "0.1.0"
root = "../../official/nebula-db-sqlite"
manifest = "../../official/nebula-db-sqlite/nebula.toml"
entry = "src/lib.nb"
src_dir = "src"
source_kind = "path"
source_hint = "../../official/nebula-db-sqlite"
resolved_rev = ""
manifest_hash = "fc4d07adad75b3ed"
source_fingerprint = "c4a7b1f99f1715f4"
integrity_fingerprint = "8ec068b6856bb59f"
is_root = 0
native_cxx_sources = ["native/bridge.cpp"]
dependencies = []

[[package]]
name = "nebula-jobs"
version = "0.1.0"
root = "../../official/nebula-jobs"
manifest = "../../official/nebula-jobs/nebula.toml"
entry = "src/lib.nb"
src_dir = "src"
source_kind = "path"
source_hint = "../../official/nebula-jobs"
resolved_rev = ""
manifest_hash = "fe187ccc7970baf9"
source_fingerprint = "3696eefc8ede27e7"
integrity_fingerprint = "327dee5cf33984a3"
is_root = 0
dependencies = ["db_sqlite=nebula-db-sqlite"]

[[package]]
name = "nebula-observe"
version = "0.1.0"
root = "../../official/nebula-observe"
manifest = "../../official/nebula-observe/nebula.toml"
entry = "src/lib.nb"
src_dir = "src"
source_kind = "installed"
source_hint = "nebula-observe"
resolved_rev = ""
manifest_hash = "9a8a10871f57579b"
source_fingerprint = "c61413f4bbd8e08c"
integrity_fingerprint = "5861f6896cb6c64e"
is_root = 0
dependencies = []

[[package]]
name = "nebula-service"
version = "0.1.0"
root = "../../official/nebula-service"
manifest = "../../official/nebula-service/nebula.toml"
entry = "src/lib.nb"
src_dir = "src"
source_kind = "installed"
source_hint = "nebula-service"
resolved_rev = ""
manifest_hash = "b21197fb95eca918"
source_fingerprint = "1eba3ee904a3f49d"
integrity_fingerprint = "566491edf8543e2e"
is_root = 0
native_cxx_sources = ["native/bridge.cpp"]
dependencies = ["observe=nebula-observe", "tlss=nebula-tls-server"]

[[package]]
name = "nebula-tls"
version = "0.1.0"
root = "../../official/nebula-tls"
manifest = "../../official/nebula-tls/nebula.toml"
entry = "src/lib.nb"
src_dir = "src"
source_kind = "path"
source_hint = "../../official/nebula-tls"
resolved_rev = ""
manifest_hash = "cf5e009b92a643a0"
source_fingerprint = "fd6aad54f9434f6b"
integrity_fingerprint = "74638e2a70493dc"
is_root = 0
native_c_sources = ["native/vendor/mbedtls/library/aes.c", "native/vendor/mbedtls/library/asn1parse.c", "native/vendor/mbedtls/library/asn1write.c", "native/vendor/mbedtls/library/base64.c", "native/vendor/mbedtls/library/bignum.c", "native/vendor/mbedtls/library/bignum_core.c", "native/vendor/mbedtls/library/bignum_mod.c", "native/vendor/mbedtls/library/bignum_mod_raw.c", "native/vendor/mbedtls/library/cipher.c", "native/vendor/mbedtls/library/cipher_wrap.c", "native/vendor/mbedtls/library/constant_time.c", "native/vendor/mbedtls/library/ctr_drbg.c", "native/vendor/mbedtls/library/debug.c", "native/vendor/mbedtls/library/ecdh.c", "native/vendor/mbedtls/library/ecdsa.c", "native/vendor/mbedtls/library/ecp.c", "native/vendor/mbedtls/library/ecp_curves.c", "native/vendor/mbedtls/library/ecp_curves_new.c", "native/vendor/mbedtls/library/entropy.c", "native/vendor/mbedtls/library/entropy_poll.c", "native/vendor/mbedtls/library/error.c", "native/vendor/mbedtls/library/gcm.c", "native/vendor/mbedtls/library/hkdf.c", "native/vendor/mbedtls/library/md.c", "native/vendor/mbedtls/library/oid.c", "native/vendor/mbedtls/library/pem.c", "native/vendor/mbedtls/library/pk.c", "native/vendor/mbedtls/library/pk_ecc.c", "native/vendor/mbedtls/library/pk_wrap.c", "native/vendor/mbedtls/library/pkparse.c", "native/vendor/mbedtls/library/platform.c", "native/vendor/mbedtls/library/platform_util.c", "native/vendor/mbedtls/library/psa_crypto.c", "native/vendor/mbedtls/library/psa_crypto_aead.c", "native/vendor/mbedtls/library/psa_crypto_cipher.c", "native/vendor/mbedtls/library/psa_crypto_client.c", "native/vendor/mbedtls/library/psa_crypto_driver_wrappers_no_static.c", "native/vendor/mbedtls/library/psa_crypto_ecp.c", "native/vendor/mbedtls/library/psa_crypto_ffdh.c", "native/vendor/mbedtls/library/psa_crypto_hash.c", "native/vendor/mbedtls/library/psa_crypto_mac.c", "native/vendor/mbedtls/library/psa_crypto_rsa.c", "native/vendor/mbedtls/library/psa_crypto_slot_management.c", "native/vendor/mbedtls/library/psa_crypto_storage.c", "native/vendor/mbedtls/library/psa_its_file.c", "native/vendor/mbedtls/library/psa_util.c", "native/vendor/mbedtls/library/rsa.c", "native/vendor/mbedtls/library/rsa_alt_helpers.c", "native/vendor/mbedtls/library/sha1.c", "native/vendor/mbedtls/library/sha256.c", "native/vendor/mbedtls/library/sha512.c", "native/vendor/mbedtls/library/ssl_cache.c", "native/vendor/mbedtls/library/ssl_ciphersuites.c", "native/vendor/mbedtls/library/ssl_client.c", "native/vendor/mbedtls/library/ssl_debug_helpers_generated.c", "native/vendor/mbedtls/library/ssl_msg.c", "native/vendor/mbedtls/library/ssl_ticket.c", "native/vendor/mbedtls/library/ssl_tls.c", "native/vendor/mbedtls/library/ssl_tls12_client.c", "native/vendor/mbedtls/library/ssl_tls12_server.c", "native/vendor/mbedtls/library/ssl_tls13_client.c", "native/vendor/mbedtls/library/ssl_tls13_generic.c", "native/vendor/mbedtls/library/ssl_tls13_keys.c", "native/vendor/mbedtls/library/ssl_tls13_server.c", "native/vendor/mbedtls/library/version_features.c", "native/vendor/mbedtls/library/x509.c", "native/vendor/mbedtls/library/x509_crt.c"]
native_cxx_sources = ["native/bridge.cpp"]
native_include_dirs = ["native/include", "native/vendor/mbedtls/include", "native/vendor/mbedtls/library"]
native_defines = ["MBEDTLS_SSL_ALPN"]
dependencies = []

[[package]]
name = "nebula-tls-server"
version = "0.1.0"
root = "../../official/nebula-tls-server"
manifest = "../../official/nebula-tls-server/nebula.toml"
entry = "src/lib.nb"
src_dir = "src"
source_kind = "path"
source_hint = "../../official/nebula-tls-server"
resolved_rev = ""
manifest_hash = "b07b661615ab0ddc"
source_fingerprint = "3950932094ce541f"
integrity_fingerprint = "8f90c51dfa5d5c4b"
is_root = 0
dependencies = ["tls=nebula-tls"]

[[package]]
name = "release-control-plane-core"
version = "0.1.0"
root = "packages/core"
manifest = "packages/core/nebula.toml"
entry = "src/lib.nb"
src_dir = "src"
source_kind = "path"
source_hint = "packages/core"
resolved_rev = ""
manifest_hash = "8b1ee81374dd7346"
source_fingerprint = "1e47a1809558f7ce"
integrity_fingerprint = "9b696eaae64fc8c9"
is_root = 0
host_cxx = ["host.cpp"]
dependencies = ["app_config=nebula-config", "jobs_pkg=nebula-jobs"]

[[package]]
name = "release-control-plane-ctl"
version = "0.1.0"
root = "apps/ctl"
manifest = "apps/ctl/nebula.toml"
entry = "src/main.nb"
src_dir = "src"
source_kind = "path"
source_hint = ""
resolved_rev = ""
manifest_hash = "7e4900b007a3e5d2"
source_fingerprint = "7fc1067c40b502e8"
integrity_fingerprint = "f750c4d0e59a4283"
is_root = 0
dependencies = ["auth_pkg=nebula-auth", "core=release-control-plane-core", "crypto=nebula-crypto", "tls=nebula-tls"]

[[package]]
name = "release-control-plane-service"
version = "0.1.0"
root = "apps/service"
manifest = "apps/service/nebula.toml"
entry = "src/main.nb"
src_dir = "src"
source_kind = "path"
source_hint = ""
resolved_rev = ""
manifest_hash = "1ec254dbcaebd9c8"
source_fingerprint = "c8b85dc4d4a47a05"
integrity_fingerprint = "16829875b421962"
is_root = 0
dependencies = ["app_config=nebula-config", "auth_pkg=nebula-auth", "core=release-control-plane-core", "crypto=nebula-crypto", "db_postgres=nebula-db-postgres", "db_sqlite=nebula-db-sqlite", "jobs_pkg=nebula-jobs", "observe=nebula-observe", "service=nebula-service"]
