schema_version = 2
root_package = "app-platform-state-sync-latency"
root_manifest_hash = "31da1511dd7e9507"
toolchain_schema_version = 1
cache_schema_version = 2

[[package]]
name = "app-platform-state-sync-latency"
version = "0.1.0"
root = "."
manifest = "nebula.toml"
entry = "src/main.nb"
src_dir = "src"
source_kind = "root"
source_hint = ""
resolved_rev = ""
manifest_hash = "31da1511dd7e9507"
source_fingerprint = "3a186f758304a721"
integrity_fingerprint = "8c0f99d434dd85d8"
is_root = 1
dependencies = ["bridge=nebula-thin-host-bridge", "counter=thin-host-counter-core"]

[[package]]
name = "nebula-thin-host-bridge"
version = "0.1.0"
root = "../../../../official/nebula-thin-host-bridge"
manifest = "../../../../official/nebula-thin-host-bridge/nebula.toml"
entry = "src/host_bridge.nb"
src_dir = "src"
source_kind = "path"
source_hint = "../../../../official/nebula-thin-host-bridge"
resolved_rev = ""
manifest_hash = "be49c6a1d6d89b75"
source_fingerprint = "b4dce6d64104e4e6"
integrity_fingerprint = "e53bf5c880edcf6d"
is_root = 0
native_cxx_sources = ["native/bridge.cpp"]
dependencies = []

[[package]]
name = "thin-host-counter-core"
version = "0.1.0"
root = "../../../../examples/thin_host_app_core/packages/counter_core"
manifest = "../../../../examples/thin_host_app_core/packages/counter_core/nebula.toml"
entry = "src/counter_core.nb"
src_dir = "src"
source_kind = "path"
source_hint = "../../../../examples/thin_host_app_core/packages/counter_core"
resolved_rev = ""
manifest_hash = "a7f7d99e350c6543"
source_fingerprint = "2c53c4931bfc3c7d"
integrity_fingerprint = "64819c08117ac0a1"
is_root = 0
dependencies = ["bridge=nebula-thin-host-bridge"]
