schema_version = 2
root_package = "app-platform-ui-patch-apply"
root_manifest_hash = "592f5f36b5bf482c"
toolchain_schema_version = 1
cache_schema_version = 2

[[package]]
name = "app-platform-ui-patch-apply"
version = "0.1.0"
root = "."
manifest = "nebula.toml"
entry = "src/main.nb"
src_dir = "src"
source_kind = "root"
source_hint = ""
resolved_rev = ""
manifest_hash = "592f5f36b5bf482c"
source_fingerprint = "9e0a702cf054c16"
integrity_fingerprint = "2d389e00227ca423"
is_root = 1
dependencies = ["ui=nebula-ui"]

[[package]]
name = "nebula-ui"
version = "0.1.0"
root = "../../../../official/nebula-ui"
manifest = "../../../../official/nebula-ui/nebula.toml"
entry = "src/lib.nb"
src_dir = "src"
source_kind = "path"
source_hint = "../../../../official/nebula-ui"
resolved_rev = ""
manifest_hash = "7cf960897430a38e"
source_fingerprint = "80f6719ff68387af"
integrity_fingerprint = "7c365559599917cb"
is_root = 0
native_cxx_sources = ["native/headless_bridge.cpp"]
dependencies = []
