schema_version = 2
root_package = "thin-host-gui-host-shell"
root_manifest_hash = "d26c765b01a799a3"
toolchain_schema_version = 1
cache_schema_version = 2

[[package]]
name = "thin-host-gui-host-shell"
version = "0.1.0"
root = "."
manifest = "nebula.toml"
entry = "src/main.nb"
src_dir = "src"
source_kind = "root"
source_hint = ""
resolved_rev = ""
manifest_hash = "d26c765b01a799a3"
source_fingerprint = "4d8c54ce3bbae06b"
integrity_fingerprint = "48dfe0dcdc3f5988"
is_root = 1
host_cxx = ["host.cpp"]
dependencies = ["app_local=nebula-app-local", "bridge=nebula-thin-host-bridge", "ui=nebula-ui"]

[[package]]
name = "nebula-app-local"
version = "0.1.0"
root = "../../official/nebula-app-local"
manifest = "../../official/nebula-app-local/nebula.toml"
entry = "src/lib.nb"
src_dir = "src"
source_kind = "path"
source_hint = "../../official/nebula-app-local"
resolved_rev = ""
manifest_hash = "7d9da0d8783d3383"
source_fingerprint = "db40e64f8c72002f"
integrity_fingerprint = "2ab62fd987a4bc6a"
is_root = 0
dependencies = ["app_config=nebula-config", "auth_pkg=nebula-auth", "db_postgres=nebula-db-postgres", "db_sqlite=nebula-db-sqlite", "jobs=nebula-jobs", "observe=nebula-observe"]

[[package]]
name = "nebula-auth"
version = "0.1.0"
root = "../../official/nebula-auth"
manifest = "../../official/nebula-auth/nebula.toml"
entry = "src/lib.nb"
src_dir = "src"
source_kind = "path"
source_hint = "../../official/nebula-auth"
resolved_rev = ""
manifest_hash = "3001bd4e24c54ba6"
source_fingerprint = "9ab9069e02b3a53a"
integrity_fingerprint = "a1a2fbdd22f6c3b6"
is_root = 0
native_cxx_sources = ["native/bridge.cpp"]
dependencies = []

[[package]]
name = "nebula-config"
version = "0.1.0"
root = "../../official/nebula-config"
manifest = "../../official/nebula-config/nebula.toml"
entry = "src/lib.nb"
src_dir = "src"
source_kind = "path"
source_hint = "../../official/nebula-config"
resolved_rev = ""
manifest_hash = "d1a9ed532ab65b9e"
source_fingerprint = "9bbad83b6f7caa1b"
integrity_fingerprint = "c7fc509949a2dcd8"
is_root = 0
native_cxx_sources = ["native/bridge.cpp"]
dependencies = []

[[package]]
name = "nebula-db-postgres"
version = "0.1.0"
root = "../../official/nebula-db-postgres"
manifest = "../../official/nebula-db-postgres/nebula.toml"
entry = "src/lib.nb"
src_dir = "src"
source_kind = "path"
source_hint = "../../official/nebula-db-postgres"
resolved_rev = ""
manifest_hash = "d52f52e5c4f2a1f8"
source_fingerprint = "1b8318f2bf2d8f65"
integrity_fingerprint = "7a51cd4ab10b5403"
is_root = 0
native_cxx_sources = ["native/bridge.cpp"]
dependencies = []

[[package]]
name = "nebula-db-sqlite"
version = "0.1.0"
root = "../../official/nebula-db-sqlite"
manifest = "../../official/nebula-db-sqlite/nebula.toml"
entry = "src/lib.nb"
src_dir = "src"
source_kind = "path"
source_hint = "../../official/nebula-db-sqlite"
resolved_rev = ""
manifest_hash = "fc4d07adad75b3ed"
source_fingerprint = "94241aff747efbdf"
integrity_fingerprint = "beeffb153eeb5853"
is_root = 0
native_cxx_sources = ["native/bridge.cpp"]
dependencies = []

[[package]]
name = "nebula-jobs"
version = "0.1.0"
root = "../../official/nebula-jobs"
manifest = "../../official/nebula-jobs/nebula.toml"
entry = "src/lib.nb"
src_dir = "src"
source_kind = "path"
source_hint = "../../official/nebula-jobs"
resolved_rev = ""
manifest_hash = "fe187ccc7970baf9"
source_fingerprint = "923544f36494925d"
integrity_fingerprint = "5c8362630d96a6c"
is_root = 0
dependencies = ["db_sqlite=nebula-db-sqlite"]

[[package]]
name = "nebula-observe"
version = "0.1.0"
root = "../../official/nebula-observe"
manifest = "../../official/nebula-observe/nebula.toml"
entry = "src/lib.nb"
src_dir = "src"
source_kind = "path"
source_hint = "../../official/nebula-observe"
resolved_rev = ""
manifest_hash = "9a8a10871f57579b"
source_fingerprint = "a39e9bb4a998b816"
integrity_fingerprint = "e08f20e1fbc0d8cc"
is_root = 0
dependencies = []

[[package]]
name = "nebula-thin-host-bridge"
version = "0.1.0"
root = "../../official/nebula-thin-host-bridge"
manifest = "../../official/nebula-thin-host-bridge/nebula.toml"
entry = "src/host_bridge.nb"
src_dir = "src"
source_kind = "path"
source_hint = "../../official/nebula-thin-host-bridge"
resolved_rev = ""
manifest_hash = "be49c6a1d6d89b75"
source_fingerprint = "41327804e623fb4e"
integrity_fingerprint = "9c5cd3d413039df2"
is_root = 0
native_cxx_sources = ["native/bridge.cpp"]
dependencies = []

[[package]]
name = "nebula-ui"
version = "0.1.0"
root = "../../official/nebula-ui"
manifest = "../../official/nebula-ui/nebula.toml"
entry = "src/lib.nb"
src_dir = "src"
source_kind = "path"
source_hint = "../../official/nebula-ui"
resolved_rev = ""
manifest_hash = "7cf960897430a38e"
source_fingerprint = "2423a4cb44dd1241"
integrity_fingerprint = "b7318197c79ac148"
is_root = 0
native_cxx_sources = ["native/headless_bridge.cpp"]
dependencies = []
