schema_version = 2
root_package = "app-platform-thin-host-bridge-roundtrip"
root_manifest_hash = "a9a764323414d2c9"
toolchain_schema_version = 1
cache_schema_version = 2

[[package]]
name = "app-platform-thin-host-bridge-roundtrip"
version = "0.1.0"
root = "."
manifest = "nebula.toml"
entry = "src/main.nb"
src_dir = "src"
source_kind = "root"
source_hint = ""
resolved_rev = ""
manifest_hash = "a9a764323414d2c9"
source_fingerprint = "2a73c15461881fa9"
integrity_fingerprint = "31b582c06ca0b0f6"
is_root = 1
dependencies = ["bridge=thin-host-bridge", "counter=thin-host-counter-core"]

[[package]]
name = "thin-host-bridge"
version = "0.1.0"
root = "../../../../examples/thin_host_app_core/packages/bridge"
manifest = "../../../../examples/thin_host_app_core/packages/bridge/nebula.toml"
entry = "src/host_bridge.nb"
src_dir = "src"
source_kind = "path"
source_hint = "../../../../examples/thin_host_app_core/packages/bridge"
resolved_rev = ""
manifest_hash = "ff765a900084745e"
source_fingerprint = "28f4280b9012f2ad"
integrity_fingerprint = "b7b981912b0bd3d0"
is_root = 0
dependencies = []

[[package]]
name = "thin-host-counter-core"
version = "0.1.0"
root = "../../../../examples/thin_host_app_core/packages/counter_core"
manifest = "../../../../examples/thin_host_app_core/packages/counter_core/nebula.toml"
entry = "src/counter_core.nb"
src_dir = "src"
source_kind = "path"
source_hint = "../../../../examples/thin_host_app_core/packages/counter_core"
resolved_rev = ""
manifest_hash = "fae73102dae29bdd"
source_fingerprint = "eb90ddf7810417c5"
integrity_fingerprint = "aa69ada2993f3749"
is_root = 0
dependencies = ["bridge=thin-host-bridge"]
